<Solution>
  <Folder Name="/src/">
    <Project Path="src/ElBruno.LocalLLMs/ElBruno.LocalLLMs.csproj" />
    <Project Path="src/ElBruno.LocalLLMs.Rag/ElBruno.LocalLLMs.Rag.csproj" />
    <Project Path="src/ElBruno.LocalLLMs.BitNet/ElBruno.LocalLLMs.BitNet.csproj" />
  </Folder>
  <Folder Name="/src/native/">
    <Project Path="src/ElBruno.LocalLLMs.BitNet.Native.win-x64/ElBruno.LocalLLMs.BitNet.Native.win-x64.csproj" />
    <Project Path="src/ElBruno.LocalLLMs.BitNet.Native.linux-x64/ElBruno.LocalLLMs.BitNet.Native.linux-x64.csproj" />
    <Project Path="src/ElBruno.LocalLLMs.BitNet.Native.osx-arm64/ElBruno.LocalLLMs.BitNet.Native.osx-arm64.csproj" />
  </Folder>
  <Folder Name="/src/tests/">
    <Project Path="src/tests/ElBruno.LocalLLMs.Tests/ElBruno.LocalLLMs.Tests.csproj" />
    <Project Path="src/tests/ElBruno.LocalLLMs.IntegrationTests/ElBruno.LocalLLMs.IntegrationTests.csproj" />
    <Project Path="src/tests/ElBruno.LocalLLMs.Rag.Tests/ElBruno.LocalLLMs.Rag.Tests.csproj" />
    <Project Path="src/tests/ElBruno.LocalLLMs.FineTuneEval/ElBruno.LocalLLMs.FineTuneEval.csproj" />
    <Project Path="src/tests/ElBruno.LocalLLMs.BitNet.Tests/ElBruno.LocalLLMs.BitNet.Tests.csproj" />
  </Folder>
  <Folder Name="/src/benchmarks/">
    <Project Path="src/benchmarks/ElBruno.LocalLLMs.Benchmarks/ElBruno.LocalLLMs.Benchmarks.csproj" />
  </Folder>
  <Folder Name="/src/samples/">
    <Project Path="src/samples/HelloChat/HelloChat.csproj" />
    <Project Path="src/samples/BitNetChat/BitNetChat.csproj" />
    <Project Path="src/samples/BitNetPerformance/BitNetPerformance.csproj" />
    <Project Path="src/samples/StreamingChat/StreamingChat.csproj" />
    <Project Path="src/samples/MultiModelChat/MultiModelChat.csproj" />
    <Project Path="src/samples/DependencyInjection/DependencyInjection.csproj" />
    <Project Path="src/samples/ConsoleAppDemo/ConsoleAppDemo.csproj" />
    <Project Path="src/samples/ToolCallingAgent/ToolCallingAgent.csproj" />
    <Project Path="src/samples/FineTunedToolCalling/FineTunedToolCalling.csproj" />
    <Project Path="src/samples/RagChatbot/RagChatbot.csproj" />
    <Project Path="src/samples/ZeroCloudRag/ZeroCloudRag.csproj" />
    <Project Path="src/samples/OpenAiServer/OpenAiServer.csproj" />
  </Folder>
</Solution>
